Microsoft Visual Studio Solution File, Format Version 8.00
Project("{8BC9CEB8-8B4A-11D0-8D11-00A0C91BC942}") = "vl", "vl.vcproj", "{BDE83A28-7DFA-4801-AE7C-16D262854845}"
	ProjectSection(ProjectDependencies) = postProject
	EndProjectSection
EndProject
Global
	GlobalSection(SourceCodeControl) = preSolution
		SccNumberOfProjects = 1
		SccProjectUniqueName0 = vl.vcproj
		SccProjectName0 = vl
		SccLocalPath0 = .
		SccProvider0 = MSSCCI:Microsoft\u0020Visual\u0020SourceSafe
	EndGlobalSection
	GlobalSection(SolutionConfiguration) = preSolution
		Debug = Debug
		Release = Release
	EndGlobalSection
	GlobalSection(ProjectConfiguration) = postSolution
		{BDE83A28-7DFA-4801-AE7C-16D262854845}.Debug.ActiveCfg = Debug|Win32
		{BDE83A28-7DFA-4801-AE7C-16D262854845}.Debug.Build.0 = Debug|Win32
		{BDE83A28-7DFA-4801-AE7C-16D262854845}.Release.ActiveCfg = Release|Win32
		{BDE83A28-7DFA-4801-AE7C-16D262854845}.Release.Build.0 = Release|Win32
	EndGlobalSection
	GlobalSection(ExtensibilityGlobals) = postSolution
	EndGlobalSection
	GlobalSection(ExtensibilityAddIns) = postSolution
	EndGlobalSection
EndGlobal
