<?xml version="1.0" encoding="utf-8"?>
<Project ToolsVersion="4.0" xmlns="http://schemas.microsoft.com/developer/msbuild/2003">
  <ItemGroup>
    <Filter Include="Source Files">
      <UniqueIdentifier>{4FC737F1-C7A5-4376-A066-2A32D752A2FF}</UniqueIdentifier>
      <Extensions>cpp;c;cxx;def;odl;idl;hpj;bat;asm;asmx</Extensions>
    </Filter>
    <Filter Include="Header Files">
      <UniqueIdentifier>{93995380-89BD-4b04-88EB-625FBE52EBFB}</UniqueIdentifier>
      <Extensions>h;hpp;hxx;hm;inl;inc;xsd</Extensions>
    </Filter>
    <Filter Include="Resource Files">
      <UniqueIdentifier>{67DA6AB6-F800-4c08-8B7A-83BB121AAD01}</UniqueIdentifier>
      <Extensions>rc;ico;cur;bmp;dlg;rc2;rct;bin;rgs;gif;jpg;jpeg;jpe;resx</Extensions>
    </Filter>
  </ItemGroup>
  <ItemGroup>
    <ClCompile Include="src\ba.cpp">
      <Filter>Source Files</Filter>
    </ClCompile>
    <ClCompile Include="src\bodydemo.cpp">
      <Filter>Source Files</Filter>
    </ClCompile>
    <ClCompile Include="src\camera.cpp">
      <Filter>Source Files</Filter>
    </ClCompile>
    <ClCompile Include="src\fast_trimesh.cpp">
      <Filter>Source Files</Filter>
    </ClCompile>
    <ClCompile Include="src\main_win.cxx">
      <Filter>Source Files</Filter>
    </ClCompile>
    <ClCompile Include="src\pcaFitGF.cpp">
      <Filter>Source Files</Filter>
    </ClCompile>
    <ClCompile Include="src\plyfile.c">
      <Filter>Source Files</Filter>
    </ClCompile>
    <ClCompile Include="src\quatnorm.cpp">
      <Filter>Source Files</Filter>
    </ClCompile>
    <ClCompile Include="src\solver.cpp">
      <Filter>Source Files</Filter>
    </ClCompile>
    <ClCompile Include="src\trackball.c">
      <Filter>Source Files</Filter>
    </ClCompile>
    <ClCompile Include="src\trimesh.cpp">
      <Filter>Source Files</Filter>
    </ClCompile>
    <ClCompile Include="src\trimesh_render.cpp">
      <Filter>Source Files</Filter>
    </ClCompile>
    <ClCompile Include="src\trimesh_util.cpp">
      <Filter>Source Files</Filter>
    </ClCompile>
    <ClCompile Include="src\viewer.cpp">
      <Filter>Source Files</Filter>
    </ClCompile>
  </ItemGroup>
  <ItemGroup>
    <ClInclude Include="src\quatnorm.h">
      <Filter>Source Files</Filter>
    </ClInclude>
    <ClInclude Include="src\ba.h">
      <Filter>Header Files</Filter>
    </ClInclude>
    <ClInclude Include="src\bodydemo.h">
      <Filter>Header Files</Filter>
    </ClInclude>
    <ClInclude Include="src\camera.h">
      <Filter>Header Files</Filter>
    </ClInclude>
    <ClInclude Include="src\fast_trimesh.h">
      <Filter>Header Files</Filter>
    </ClInclude>
    <ClInclude Include="src\main_win.h">
      <Filter>Header Files</Filter>
    </ClInclude>
    <ClInclude Include="src\mat.h">
      <Filter>Header Files</Filter>
    </ClInclude>
    <ClInclude Include="src\pcaFitGF.h">
      <Filter>Header Files</Filter>
    </ClInclude>
    <ClInclude Include="src\ply.h">
      <Filter>Header Files</Filter>
    </ClInclude>
    <ClInclude Include="src\solver.h">
      <Filter>Header Files</Filter>
    </ClInclude>
    <ClInclude Include="src\trackball.h">
      <Filter>Header Files</Filter>
    </ClInclude>
    <ClInclude Include="src\trimesh.h">
      <Filter>Header Files</Filter>
    </ClInclude>
    <ClInclude Include="src\trimesh_render.h">
      <Filter>Header Files</Filter>
    </ClInclude>
    <ClInclude Include="src\trimesh_util.h">
      <Filter>Header Files</Filter>
    </ClInclude>
    <ClInclude Include="src\vec.h">
      <Filter>Header Files</Filter>
    </ClInclude>
    <ClInclude Include="src\viewer.h">
      <Filter>Header Files</Filter>
    </ClInclude>
  </ItemGroup>
  <ItemGroup>
    <Text Include="ReadMe.txt" />
  </ItemGroup>
</Project>